{
  "name": "lucas-portfolio-prototype",
  "version": "1.0.0",
  "lockfileVersion": 3,
  "requires": true,
  "packages": {
    "": {
      "name": "lucas-portfolio-prototype",
      "version": "1.0.0",
      "dependencies": {
        "@dpawlikowski/liquid-glass": "0.3.0",
        "@ybouane/liquidglass": "1.0.3",
        "liquid-gl": "2.1.0",
        "simple-liquid-glass": "5.1.1"
      }
    },
    "node_modules/@dpawlikowski/liquid-glass": {
      "version": "0.3.0",
      "resolved": "https://registry.npmjs.org/@dpawlikowski/liquid-glass/-/liquid-glass-0.3.0.tgz",
      "integrity": "sha512-Qw55/OdjSTa0mfd7tg8MNjmlKa/szhplP/gyKW+1qDK4wt4vtkkAjlADWBHjTxZX3ZWi5Ier4FqfXXzgWpQeeA==",
      "license": "MIT",
      "peerDependencies": {
        "react": ">=18"
      },
      "peerDependenciesMeta": {
        "react": {
          "optional": true
        }
      }
    },
    "node_modules/@ybouane/liquidglass": {
      "version": "1.0.3",
      "resolved": "https://registry.npmjs.org/@ybouane/liquidglass/-/liquidglass-1.0.3.tgz",
      "integrity": "sha512-Ro/Q3vaEduvj1yUp/TVz9AYmxY+cYhnBj76eJ/Y9VQoPlRA0DWrKPQufEzrDSYzAWXL3qxiFibi5XQVW/egTnA==",
      "hasInstallScript": true,
      "license": "MIT"
    },
    "node_modules/liquid-gl": {
      "version": "2.1.0",
      "resolved": "https://registry.npmjs.org/liquid-gl/-/liquid-gl-2.1.0.tgz",
      "integrity": "sha512-Q/A0X10mNY4veZ0XkzW2uGtQqvDvsf8L/QIKAYh+3hKj+FMBPF2KdIzYiMWxH5At1F2lWGpYX6/NjzS7X3c6nQ==",
      "license": "MIT"
    },
    "node_modules/simple-liquid-glass": {
      "version": "5.1.1",
      "resolved": "https://registry.npmjs.org/simple-liquid-glass/-/simple-liquid-glass-5.1.1.tgz",
      "integrity": "sha512-5dTlBU85bfBxPyoIZI0pdZn/oxFg530mkU05eRH7HZH/+fmVDC+W0inRpP9JjMJbJA5mjRuDGV1+U9srKSibwQ==",
      "license": "MIT",
      "peerDependencies": {
        "react": "^16.8.0 || ^17.0.0 || ^18.0.0 || ^19.0.0",
        "react-dom": "^16.8.0 || ^17.0.0 || ^18.0.0 || ^19.0.0"
      },
      "peerDependenciesMeta": {
        "react": {
          "optional": true
        },
        "react-dom": {
          "optional": true
        }
      }
    }
  }
}
