{
  "name": "lucas-portfolio-prototype",
  "version": "1.0.0",
  "lockfileVersion": 3,
  "requires": true,
  "packages": {
    "": {
      "name": "lucas-portfolio-prototype",
      "version": "1.0.0",
      "dependencies": {
        "liquid-gl": "2.1.0"
      }
    },
    "node_modules/liquid-gl": {
      "version": "2.1.0",
      "resolved": "https://registry.npmjs.org/liquid-gl/-/liquid-gl-2.1.0.tgz",
      "integrity": "sha512-Q/A0X10mNY4veZ0XkzW2uGtQqvDvsf8L/QIKAYh+3hKj+FMBPF2KdIzYiMWxH5At1F2lWGpYX6/NjzS7X3c6nQ==",
      "license": "MIT"
    }
  }
}
